
Microsoft Visual Studio Solution File, Format Version 12.00
# Visual Studio Version 17
VisualStudioVersion = 17.10.35013.160
MinimumVisualStudioVersion = 10.0.40219.1
Project("{FAE04EC0-301F-11D3-BF4B-00C04F79EFBC}") = "WeLearnAPI", "WeLearnAPI\WeLearnAPI.csproj", "{4A3CB9B8-1C5E-4C6C-A69F-570F32A75676}"
EndProject
Global
	GlobalSection(SolutionConfigurationPlatforms) = preSolution
		Debug|Any CPU = Debug|Any CPU
		Release|Any CPU = Release|Any CPU
	EndGlobalSection
	GlobalSection(ProjectConfigurationPlatforms) = postSolution
		{4A3CB9B8-1C5E-4C6C-A69F-570F32A75676}.Debug|Any CPU.ActiveCfg = Debug|Any CPU
		{4A3CB9B8-1C5E-4C6C-A69F-570F32A75676}.Debug|Any CPU.Build.0 = Debug|Any CPU
		{4A3CB9B8-1C5E-4C6C-A69F-570F32A75676}.Release|Any CPU.ActiveCfg = Release|Any CPU
		{4A3CB9B8-1C5E-4C6C-A69F-570F32A75676}.Release|Any CPU.Build.0 = Release|Any CPU
	EndGlobalSection
	GlobalSection(SolutionProperties) = preSolution
		HideSolutionNode = FALSE
	EndGlobalSection
	GlobalSection(ExtensibilityGlobals) = postSolution
		SolutionGuid = {80171782-41F0-4F9D-9553-CF99739DF185}
	EndGlobalSection
EndGlobal
